
Microsoft Visual Studio Solution File, Format Version 12.00
# Visual Studio Version 16
VisualStudioVersion = 16.0.29009.5
MinimumVisualStudioVersion = 10.0.40219.1
Project("{00D1A9C2-B5F0-4AF3-8072-F6C62B433612}") = "Staging", "Staging\Staging.sqlproj", "{D5C26B07-833F-48A2-A429-06E76854C1D0}"
EndProject
Global
	GlobalSection(SolutionConfigurationPlatforms) = preSolution
		Debug|Any CPU = Debug|Any CPU
		Release|Any CPU = Release|Any CPU
	EndGlobalSection
	GlobalSection(ProjectConfigurationPlatforms) = postSolution
		{D5C26B07-833F-48A2-A429-06E76854C1D0}.Debug|Any CPU.ActiveCfg = Debug|Any CPU
		{D5C26B07-833F-48A2-A429-06E76854C1D0}.Debug|Any CPU.Build.0 = Debug|Any CPU
		{D5C26B07-833F-48A2-A429-06E76854C1D0}.Debug|Any CPU.Deploy.0 = Debug|Any CPU
		{D5C26B07-833F-48A2-A429-06E76854C1D0}.Release|Any CPU.ActiveCfg = Release|Any CPU
		{D5C26B07-833F-48A2-A429-06E76854C1D0}.Release|Any CPU.Build.0 = Release|Any CPU
		{D5C26B07-833F-48A2-A429-06E76854C1D0}.Release|Any CPU.Deploy.0 = Release|Any CPU
	EndGlobalSection
	GlobalSection(SolutionProperties) = preSolution
		HideSolutionNode = FALSE
	EndGlobalSection
	GlobalSection(ExtensibilityGlobals) = postSolution
		SolutionGuid = {8BFA423A-6C2A-4CDE-909C-698B59601FA1}
	EndGlobalSection
EndGlobal
